
Microsoft Visual Studio Solution File, Format Version 12.00
# Visual Studio 15
VisualStudioVersion = 15.0.26124.0
MinimumVisualStudioVersion = 15.0.26124.0
Project("{F2A71F9B-5D33-465A-A702-920D77279786}") = "FSharp.Data.Gherkin", "FSharp.Data.Gherkin\FSharp.Data.Gherkin.fsproj", "{9A5C30BD-069D-45BF-A215-E7EBD1EF2CE9}"
EndProject
Project("{F2A71F9B-5D33-465A-A702-920D77279786}") = "FSharp.Data.Gherkin.Tests", "FSharp.Data.Gherkin.Tests\FSharp.Data.Gherkin.Tests.fsproj", "{053C512D-14D9-4B21-AC5B-FF0818EE3484}"
EndProject
Project("{F2A71F9B-5D33-465A-A702-920D77279786}") = "FSharp.Data.Gherkin.Features", "FSharp.Data.Gherkin.Features\FSharp.Data.Gherkin.Features.fsproj", "{96078690-6E15-43EF-AC18-9BD502863B74}"
EndProject
Project("{FAE04EC0-301F-11D3-BF4B-00C04F79EFBC}") = "FSharp.Data.Gherkin.Tests.CSharp", "FSharp.Data.Gherkin.Tests.CSharp\FSharp.Data.Gherkin.Tests.CSharp.csproj", "{95964C8E-0AA2-4125-BD2A-4702C4466A0C}"
EndProject
Global
	GlobalSection(SolutionConfigurationPlatforms) = preSolution
		Debug|Any CPU = Debug|Any CPU
		Debug|x64 = Debug|x64
		Debug|x86 = Debug|x86
		Release|Any CPU = Release|Any CPU
		Release|x64 = Release|x64
		Release|x86 = Release|x86
	EndGlobalSection
	GlobalSection(SolutionProperties) = preSolution
		HideSolutionNode = FALSE
	EndGlobalSection
	GlobalSection(ProjectConfigurationPlatforms) = postSolution
		{9A5C30BD-069D-45BF-A215-E7EBD1EF2CE9}.Debug|Any CPU.ActiveCfg = Debug|Any CPU
		{9A5C30BD-069D-45BF-A215-E7EBD1EF2CE9}.Debug|Any CPU.Build.0 = Debug|Any CPU
		{9A5C30BD-069D-45BF-A215-E7EBD1EF2CE9}.Debug|x64.ActiveCfg = Debug|Any CPU
		{9A5C30BD-069D-45BF-A215-E7EBD1EF2CE9}.Debug|x64.Build.0 = Debug|Any CPU
		{9A5C30BD-069D-45BF-A215-E7EBD1EF2CE9}.Debug|x86.ActiveCfg = Debug|Any CPU
		{9A5C30BD-069D-45BF-A215-E7EBD1EF2CE9}.Debug|x86.Build.0 = Debug|Any CPU
		{9A5C30BD-069D-45BF-A215-E7EBD1EF2CE9}.Release|Any CPU.ActiveCfg = Release|Any CPU
		{9A5C30BD-069D-45BF-A215-E7EBD1EF2CE9}.Release|Any CPU.Build.0 = Release|Any CPU
		{9A5C30BD-069D-45BF-A215-E7EBD1EF2CE9}.Release|x64.ActiveCfg = Release|Any CPU
		{9A5C30BD-069D-45BF-A215-E7EBD1EF2CE9}.Release|x64.Build.0 = Release|Any CPU
		{9A5C30BD-069D-45BF-A215-E7EBD1EF2CE9}.Release|x86.ActiveCfg = Release|Any CPU
		{9A5C30BD-069D-45BF-A215-E7EBD1EF2CE9}.Release|x86.Build.0 = Release|Any CPU
		{053C512D-14D9-4B21-AC5B-FF0818EE3484}.Debug|Any CPU.ActiveCfg = Debug|Any CPU
		{053C512D-14D9-4B21-AC5B-FF0818EE3484}.Debug|Any CPU.Build.0 = Debug|Any CPU
		{053C512D-14D9-4B21-AC5B-FF0818EE3484}.Debug|x64.ActiveCfg = Debug|Any CPU
		{053C512D-14D9-4B21-AC5B-FF0818EE3484}.Debug|x64.Build.0 = Debug|Any CPU
		{053C512D-14D9-4B21-AC5B-FF0818EE3484}.Debug|x86.ActiveCfg = Debug|Any CPU
		{053C512D-14D9-4B21-AC5B-FF0818EE3484}.Debug|x86.Build.0 = Debug|Any CPU
		{053C512D-14D9-4B21-AC5B-FF0818EE3484}.Release|Any CPU.ActiveCfg = Release|Any CPU
		{053C512D-14D9-4B21-AC5B-FF0818EE3484}.Release|Any CPU.Build.0 = Release|Any CPU
		{053C512D-14D9-4B21-AC5B-FF0818EE3484}.Release|x64.ActiveCfg = Release|Any CPU
		{053C512D-14D9-4B21-AC5B-FF0818EE3484}.Release|x64.Build.0 = Release|Any CPU
		{053C512D-14D9-4B21-AC5B-FF0818EE3484}.Release|x86.ActiveCfg = Release|Any CPU
		{053C512D-14D9-4B21-AC5B-FF0818EE3484}.Release|x86.Build.0 = Release|Any CPU
		{CE00E545-BA0F-4E3F-B920-919E36DD7E6D}.Debug|Any CPU.ActiveCfg = Debug|Any CPU
		{CE00E545-BA0F-4E3F-B920-919E36DD7E6D}.Debug|Any CPU.Build.0 = Debug|Any CPU
		{CE00E545-BA0F-4E3F-B920-919E36DD7E6D}.Debug|x64.ActiveCfg = Debug|Any CPU
		{CE00E545-BA0F-4E3F-B920-919E36DD7E6D}.Debug|x64.Build.0 = Debug|Any CPU
		{CE00E545-BA0F-4E3F-B920-919E36DD7E6D}.Debug|x86.ActiveCfg = Debug|Any CPU
		{CE00E545-BA0F-4E3F-B920-919E36DD7E6D}.Debug|x86.Build.0 = Debug|Any CPU
		{CE00E545-BA0F-4E3F-B920-919E36DD7E6D}.Release|Any CPU.ActiveCfg = Release|Any CPU
		{CE00E545-BA0F-4E3F-B920-919E36DD7E6D}.Release|Any CPU.Build.0 = Release|Any CPU
		{CE00E545-BA0F-4E3F-B920-919E36DD7E6D}.Release|x64.ActiveCfg = Release|Any CPU
		{CE00E545-BA0F-4E3F-B920-919E36DD7E6D}.Release|x64.Build.0 = Release|Any CPU
		{CE00E545-BA0F-4E3F-B920-919E36DD7E6D}.Release|x86.ActiveCfg = Release|Any CPU
		{CE00E545-BA0F-4E3F-B920-919E36DD7E6D}.Release|x86.Build.0 = Release|Any CPU
		{96078690-6E15-43EF-AC18-9BD502863B74}.Debug|Any CPU.ActiveCfg = Debug|Any CPU
		{96078690-6E15-43EF-AC18-9BD502863B74}.Debug|Any CPU.Build.0 = Debug|Any CPU
		{96078690-6E15-43EF-AC18-9BD502863B74}.Debug|x64.ActiveCfg = Debug|Any CPU
		{96078690-6E15-43EF-AC18-9BD502863B74}.Debug|x64.Build.0 = Debug|Any CPU
		{96078690-6E15-43EF-AC18-9BD502863B74}.Debug|x86.ActiveCfg = Debug|Any CPU
		{96078690-6E15-43EF-AC18-9BD502863B74}.Debug|x86.Build.0 = Debug|Any CPU
		{96078690-6E15-43EF-AC18-9BD502863B74}.Release|Any CPU.ActiveCfg = Release|Any CPU
		{96078690-6E15-43EF-AC18-9BD502863B74}.Release|Any CPU.Build.0 = Release|Any CPU
		{96078690-6E15-43EF-AC18-9BD502863B74}.Release|x64.ActiveCfg = Release|Any CPU
		{96078690-6E15-43EF-AC18-9BD502863B74}.Release|x64.Build.0 = Release|Any CPU
		{96078690-6E15-43EF-AC18-9BD502863B74}.Release|x86.ActiveCfg = Release|Any CPU
		{96078690-6E15-43EF-AC18-9BD502863B74}.Release|x86.Build.0 = Release|Any CPU
		{95964C8E-0AA2-4125-BD2A-4702C4466A0C}.Debug|Any CPU.ActiveCfg = Debug|Any CPU
		{95964C8E-0AA2-4125-BD2A-4702C4466A0C}.Debug|Any CPU.Build.0 = Debug|Any CPU
		{95964C8E-0AA2-4125-BD2A-4702C4466A0C}.Debug|x64.ActiveCfg = Debug|Any CPU
		{95964C8E-0AA2-4125-BD2A-4702C4466A0C}.Debug|x64.Build.0 = Debug|Any CPU
		{95964C8E-0AA2-4125-BD2A-4702C4466A0C}.Debug|x86.ActiveCfg = Debug|Any CPU
		{95964C8E-0AA2-4125-BD2A-4702C4466A0C}.Debug|x86.Build.0 = Debug|Any CPU
		{95964C8E-0AA2-4125-BD2A-4702C4466A0C}.Release|Any CPU.ActiveCfg = Release|Any CPU
		{95964C8E-0AA2-4125-BD2A-4702C4466A0C}.Release|Any CPU.Build.0 = Release|Any CPU
		{95964C8E-0AA2-4125-BD2A-4702C4466A0C}.Release|x64.ActiveCfg = Release|Any CPU
		{95964C8E-0AA2-4125-BD2A-4702C4466A0C}.Release|x64.Build.0 = Release|Any CPU
		{95964C8E-0AA2-4125-BD2A-4702C4466A0C}.Release|x86.ActiveCfg = Release|Any CPU
		{95964C8E-0AA2-4125-BD2A-4702C4466A0C}.Release|x86.Build.0 = Release|Any CPU
	EndGlobalSection
EndGlobal
